dependencies:
- name: kube-prometheus-stack
  repository: https://prometheus-community.github.io/helm-charts
  version: 80.4.1
- name: x509-certificate-exporter
  repository: https://charts.enix.io
  version: 3.19.1
digest: sha256:ff487f509f4c0ae42902a068b26228145e5765cb175659b06190f8008dbca629
generated: "2025-12-14T23:12:18.555397+01:00"
