dependencies:
- name: kube-prometheus-stack
  repository: https://prometheus-community.github.io/helm-charts
  version: 80.4.1
- name: x509-certificate-exporter
  repository: https://charts.enix.io
  version: 3.19.1
digest: sha256:4eec40b3c93be7bffbc43bbfd665aad20a02d530561f6d5419cc4fe6970ce814
generated: "2025-12-14T23:36:38.671425+01:00"
