dependencies:
- name: pyroscope
  repository: https://grafana.github.io/helm-charts
  version: 1.16.0
- name: object-buckets
  repository: https://karafrorg.github.io/object-buckets
  version: 0.1.0
digest: sha256:d355dbf9c6e4c66b162c8843e1dc109efca71b440fadfa43ed8d0f057402e093
generated: "2026-01-31T08:21:04.281304+01:00"
