dependencies:
- name: tempo
  repository: https://grafana.github.io/helm-charts
  version: 1.24.1
- name: object-buckets
  repository: https://karafrorg.github.io/object-buckets
  version: 0.1.0
digest: sha256:0bb40b4377263c25fb3adae01cfc20320662086beebda21547da2d22495877ca
generated: "2026-01-31T08:46:28.789773+01:00"
